
Microsoft Visual Studio Solution File, Format Version 12.00
# Visual Studio Version 17
VisualStudioVersion = 17.11.35222.181
MinimumVisualStudioVersion = 10.0.40219.1
Project("{8BC9CEB8-8B4A-11D0-8D11-00A0C91BC942}") = "Lab_8.1it", "Lab_8.1it\Lab_8.1it.vcxproj", "{71D9C33A-E3CA-4E5A-A2FA-92045F6CC30D}"
EndProject
Project("{8BC9CEB8-8B4A-11D0-8D11-00A0C91BC942}") = "UnitTest2", "UnitTest2\UnitTest2.vcxproj", "{00AEA630-5B3D-4E4A-9BF9-F949C6804A39}"
EndProject
Global
	GlobalSection(SolutionConfigurationPlatforms) = preSolution
		Debug|x64 = Debug|x64
		Debug|x86 = Debug|x86
		Release|x64 = Release|x64
		Release|x86 = Release|x86
	EndGlobalSection
	GlobalSection(ProjectConfigurationPlatforms) = postSolution
		{71D9C33A-E3CA-4E5A-A2FA-92045F6CC30D}.Debug|x64.ActiveCfg = Debug|x64
		{71D9C33A-E3CA-4E5A-A2FA-92045F6CC30D}.Debug|x64.Build.0 = Debug|x64
		{71D9C33A-E3CA-4E5A-A2FA-92045F6CC30D}.Debug|x86.ActiveCfg = Debug|Win32
		{71D9C33A-E3CA-4E5A-A2FA-92045F6CC30D}.Debug|x86.Build.0 = Debug|Win32
		{71D9C33A-E3CA-4E5A-A2FA-92045F6CC30D}.Release|x64.ActiveCfg = Release|x64
		{71D9C33A-E3CA-4E5A-A2FA-92045F6CC30D}.Release|x64.Build.0 = Release|x64
		{71D9C33A-E3CA-4E5A-A2FA-92045F6CC30D}.Release|x86.ActiveCfg = Release|Win32
		{71D9C33A-E3CA-4E5A-A2FA-92045F6CC30D}.Release|x86.Build.0 = Release|Win32
		{00AEA630-5B3D-4E4A-9BF9-F949C6804A39}.Debug|x64.ActiveCfg = Debug|x64
		{00AEA630-5B3D-4E4A-9BF9-F949C6804A39}.Debug|x64.Build.0 = Debug|x64
		{00AEA630-5B3D-4E4A-9BF9-F949C6804A39}.Debug|x86.ActiveCfg = Debug|Win32
		{00AEA630-5B3D-4E4A-9BF9-F949C6804A39}.Debug|x86.Build.0 = Debug|Win32
		{00AEA630-5B3D-4E4A-9BF9-F949C6804A39}.Release|x64.ActiveCfg = Release|x64
		{00AEA630-5B3D-4E4A-9BF9-F949C6804A39}.Release|x64.Build.0 = Release|x64
		{00AEA630-5B3D-4E4A-9BF9-F949C6804A39}.Release|x86.ActiveCfg = Release|Win32
		{00AEA630-5B3D-4E4A-9BF9-F949C6804A39}.Release|x86.Build.0 = Release|Win32
	EndGlobalSection
	GlobalSection(SolutionProperties) = preSolution
		HideSolutionNode = FALSE
	EndGlobalSection
	GlobalSection(ExtensibilityGlobals) = postSolution
		SolutionGuid = {BA4FF11E-3BAC-4B58-8BE8-AE4220C806C1}
	EndGlobalSection
EndGlobal
